// !$*UTF8*$!
{
	archiveVersion = 1;
	classes = {
	};
	objectVersion = 46;
	objects = {

/* Begin PBXBuildFile section */
		9A7F684F1ED944CA000B0798 /* AppDelegate.swift in Sources */ = {isa = PBXBuildFile; fileRef = 9A7F684E1ED944CA000B0798 /* AppDelegate.swift */; };
		9A7F68511ED944CA000B0798 /* ViewController.swift in Sources */ = {isa = PBXBuildFile; fileRef = 9A7F68501ED944CA000B0798 /* ViewController.swift */; };
		9A7F68541ED944CA000B0798 /* Main.storyboard in Resources */ = {isa = PBXBuildFile; fileRef = 9A7F68521ED944CA000B0798 /* Main.storyboard */; };
		9A7F68561ED944CA000B0798 /* Assets.xcassets in Resources */ = {isa = PBXBuildFile; fileRef = 9A7F68551ED944CA000B0798 /* Assets.xcassets */; };
		9A7F68591ED944CA000B0798 /* LaunchScreen.storyboard in Resources */ = {isa = PBXBuildFile; fileRef = 9A7F68571ED944CA000B0798 /* LaunchScreen.storyboard */; };
		9A7F68611ED94A8A000B0798 /* MyTabelViewController.swift in Sources */ = {isa = PBXBuildFile; fileRef = 9A7F68601ED94A8A000B0798 /* MyTabelViewController.swift */; };
		9A7F68631ED94CFA000B0798 /* Utils.swift in Sources */ = {isa = PBXBuildFile; fileRef = 9A7F68621ED94CFA000B0798 /* Utils.swift */; };
/* End PBXBuildFile section */

/* Begin PBXFileReference section */
		9A7F684B1ED944CA000B0798 /* swift_study.app */ = {isa = PBXFileReference; explicitFileType = wrapper.application; includeInIndex = 0; path = swift_study.app; sourceTree = BUILT_PRODUCTS_DIR; };
		9A7F684E1ED944CA000B0798 /* AppDelegate.swift */ = {isa = PBXFileReference; lastKnownFileType = sourcecode.swift; path = AppDelegate.swift; sourceTree = "<group>"; };
		9A7F68501ED944CA000B0798 /* ViewController.swift */ = {isa = PBXFileReference; lastKnownFileType = sourcecode.swift; path = ViewController.swift; sourceTree = "<group>"; };
		9A7F68531ED944CA000B0798 /* Base */ = {isa = PBXFileReference; lastKnownFileType = file.storyboard; name = Base; path = Base.lproj/Main.storyboard; sourceTree = "<group>"; };
		9A7F68551ED944CA000B0798 /* Assets.xcassets */ = {isa = PBXFileReference; lastKnownFileType = folder.assetcatalog; path = Assets.xcassets; sourceTree = "<group>"; };
		9A7F68581ED944CA000B0798 /* Base */ = {isa = PBXFileReference; lastKnownFileType = file.storyboard; name = Base; path = Base.lproj/LaunchScreen.storyboard; sourceTree = "<group>"; };
		9A7F685A1ED944CA000B0798 /* Info.plist */ = {isa = PBXFileReference; lastKnownFileType = text.plist.xml; path = Info.plist; sourceTree = "<group>"; };
		9A7F68601ED94A8A000B0798 /* MyTabelViewController.swift */ = {isa = PBXFileReference; fileEncoding = 4; lastKnownFileType = sourcecode.swift; path = MyTabelViewController.swift; sourceTree = "<group>"; };
		9A7F68621ED94CFA000B0798 /* Utils.swift */ = {isa = PBXFileReference; fileEncoding = 4; lastKnownFileType = sourcecode.swift; path = Utils.swift; sourceTree = "<group>"; };
/* End PBXFileReference section */

/* Begin PBXFrameworksBuildPhase section */
		9A7F68481ED944CA000B0798 /* Frameworks */ = {
			isa = PBXFrameworksBuildPhase;
			buildActionMask = 2147483647;
			files = (
			);
			runOnlyForDeploymentPostprocessing = 0;
		};
/* End PBXFrameworksBuildPhase section */

/* Begin PBXGroup section */
		9A7F68421ED944CA000B0798 = {
			isa = PBXGroup;
			children = (
				9A7F684D1ED944CA000B0798 /* swift_study */,
				9A7F684C1ED944CA000B0798 /* Products */,
			);
			sourceTree = "<group>";
		};
		9A7F684C1ED944CA000B0798 /* Products */ = {
			isa = PBXGroup;
			children = (
				9A7F684B1ED944CA000B0798 /* swift_study.app */,
			);
			name = Products;
			sourceTree = "<group>";
		};
		9A7F684D1ED944CA000B0798 /* swift_study */ = {
			isa = PBXGroup;
			children = (
				9A7F684E1ED944CA000B0798 /* AppDelegate.swift */,
				9A7F68501ED944CA000B0798 /* ViewController.swift */,
				9A7F68521ED944CA000B0798 /* Main.storyboard */,
				9A7F68601ED94A8A000B0798 /* MyTabelViewController.swift */,
				9A7F68621ED94CFA000B0798 /* Utils.swift */,
				9A7F68551ED944CA000B0798 /* Assets.xcassets */,
				9A7F68571ED944CA000B0798 /* LaunchScreen.storyboard */,
				9A7F685A1ED944CA000B0798 /* Info.plist */,
			);
			path = swift_study;
			sourceTree = "<group>";
		};
/* End PBXGroup section */

/* Begin PBXNativeTarget section */
		9A7F684A1ED944CA000B0798 /* swift_study */ = {
			isa = PBXNativeTarget;
			buildConfigurationList = 9A7F685D1ED944CA000B0798 /* Build configuration list for PBXNativeTarget "swift_study" */;
			buildPhases = (
				9A7F68471ED944CA000B0798 /* Sources */,
				9A7F68481ED944CA000B0798 /* Frameworks */,
				9A7F68491ED944CA000B0798 /* Resources */,
			);
			buildRules = (
			);
			dependencies = (
			);
			name = swift_study;
			productName = swift_study;
			productReference = 9A7F684B1ED944CA000B0798 /* swift_study.app */;
			productType = "com.apple.product-type.application";
		};
/* End PBXNativeTarget section */

/* Begin PBXProject section */
		9A7F68431ED944CA000B0798 /* Project object */ = {
			isa = PBXProject;
			attributes = {
				LastSwiftUpdateCheck = 0830;
				LastUpgradeCheck = 0830;
				ORGANIZATIONNAME = konojunya;
				TargetAttributes = {
					9A7F684A1ED944CA000B0798 = {
						CreatedOnToolsVersion = 8.3.2;
						DevelopmentTeam = RH75B2UCHQ;
						ProvisioningStyle = Automatic;
					};
				};
			};
			buildConfigurationList = 9A7F68461ED944CA000B0798 /* Build configuration list for PBXProject "swift_study" */;
			compatibilityVersion = "Xcode 3.2";
			developmentRegion = English;
			hasScannedForEncodings = 0;
			knownRegions = (
				en,
				Base,
			);
			mainGroup = 9A7F68421ED944CA000B0798;
			productRefGroup = 9A7F684C1ED944CA000B0798 /* Products */;
			projectDirPath = "";
			projectRoot = "";
			targets = (
				9A7F684A1ED944CA000B0798 /* swift_study */,
			);
		};
/* End PBXProject section */

/* Begin PBXResourcesBuildPhase section */
		9A7F68491ED944CA000B0798 /* Resources */ = {
			isa = PBXResourcesBuildPhase;
			buildActionMask = 2147483647;
			files = (
				9A7F68591ED944CA000B0798 /* LaunchScreen.storyboard in Resources */,
				9A7F68561ED944CA000B0798 /* Assets.xcassets in Resources */,
				9A7F68541ED944CA000B0798 /* Main.storyboard in Resources */,
			);
			runOnlyForDeploymentPostprocessing = 0;
		};
/* End PBXResourcesBuildPhase section */

/* Begin PBXSourcesBuildPhase section */
		9A7F68471ED944CA000B0798 /* Sources */ = {
			isa = PBXSourcesBuildPhase;
			buildActionMask = 2147483647;
			files = (
				9A7F68511ED944CA000B0798 /* ViewController.swift in Sources */,
				9A7F684F1ED944CA000B0798 /* AppDelegate.swift in Sources */,
				9A7F68611ED94A8A000B0798 /* MyTabelViewController.swift in Sources */,
				9A7F68631ED94CFA000B0798 /* Utils.swift in Sources */,
			);
			runOnlyForDeploymentPostprocessing = 0;
		};
/* End PBXSourcesBuildPhase section */

/* Begin PBXVariantGroup section */
		9A7F68521ED944CA000B0798 /* Main.storyboard */ = {
			isa = PBXVariantGroup;
			children = (
				9A7F68531ED944CA000B0798 /* Base */,
			);
			name = Main.storyboard;
			sourceTree = "<group>";
		};
		9A7F68571ED944CA000B0798 /* LaunchScreen.storyboard */ = {
			isa = PBXVariantGroup;
			children = (
				9A7F68581ED944CA000B0798 /* Base */,
			);
			name = LaunchScreen.storyboard;
			sourceTree = "<group>";
		};
/* End PBXVariantGroup section */

/* Begin XCBuildConfiguration section */
		9A7F685B1ED944CA000B0798 /* Debug */ = {
			isa = XCBuildConfiguration;
			buildSettings = {
				ALWAYS_SEARCH_USER_PATHS = NO;
				CLANG_ANALYZER_NONNULL = YES;
				CLANG_ANALYZER_NUMBER_OBJECT_CONVERSION = YES_AGGRESSIVE;
				CLANG_CXX_LANGUAGE_STANDARD = "gnu++0x";
				CLANG_CXX_LIBRARY = "libc++";
				CLANG_ENABLE_MODULES = YES;
				CLANG_ENABLE_OBJC_ARC = YES;
				CLANG_WARN_BOOL_CONVERSION = YES;
				CLANG_WARN_CONSTANT_CONVERSION = YES;
				CLANG_WARN_DIRECT_OBJC_ISA_USAGE = YES_ERROR;
				CLANG_WARN_DOCUMENTATION_COMMENTS = YES;
				CLANG_WARN_EMPTY_BODY = YES;
				CLANG_WARN_ENUM_CONVERSION = YES;
				CLANG_WARN_INFINITE_RECURSION = YES;
				CLANG_WARN_INT_CONVERSION = YES;
				CLANG_WARN_OBJC_ROOT_CLASS = YES_ERROR;
				CLANG_WARN_SUSPICIOUS_MOVE = YES;
				CLANG_WARN_UNREACHABLE_CODE = YES;
				CLANG_WARN__DUPLICATE_METHOD_MATCH = YES;
				"CODE_SIGN_IDENTITY[sdk=iphoneos*]" = "iPhone Developer";
				COPY_PHASE_STRIP = NO;
				DEBUG_INFORMATION_FORMAT = dwarf;
				ENABLE_STRICT_OBJC_MSGSEND = YES;
				ENABLE_TESTABILITY = YES;
				GCC_C_LANGUAGE_STANDARD = gnu99;
				GCC_DYNAMIC_NO_PIC = NO;
				GCC_NO_COMMON_BLOCKS = YES;
				GCC_OPTIMIZATION_LEVEL = 0;
				GCC_PREPROCESSOR_DEFINITIONS = (
					"DEBUG=1",
					"$(inherited)",
				);
				GCC_WARN_64_TO_32_BIT_CONVERSION = YES;
				GCC_WARN_ABOUT_RETURN_TYPE = YES_ERROR;
				GCC_WARN_UNDECLARED_SELECTOR = YES;
				GCC_WARN_UNINITIALIZED_AUTOS = YES_AGGRESSIVE;
				GCC_WARN_UNUSED_FUNCTION = YES;
				GCC_WARN_UNUSED_VARIABLE = YES;
				IPHONEOS_DEPLOYMENT_TARGET = 10.3;
				MTL_ENABLE_DEBUG_INFO = YES;
				ONLY_ACTIVE_ARCH = YES;
				SDKROOT = iphoneos;
				SWIFT_ACTIVE_COMPILATION_CONDITIONS = DEBUG;
				SWIFT_OPTIMIZATION_LEVEL = "-Onone";
			};
			name = Debug;
		};
		9A7F685C1ED944CA000B0798 /* Release */ = {
			isa = XCBuildConfiguration;
			buildSettings = {
				ALWAYS_SEARCH_USER_PATHS = NO;
				CLANG_ANALYZER_NONNULL = YES;
				CLANG_ANALYZER_NUMBER_OBJECT_CONVERSION = YES_AGGRESSIVE;
				CLANG_CXX_LANGUAGE_STANDARD = "gnu++0x";
				CLANG_CXX_LIBRARY = "libc++";
				CLANG_ENABLE_MODULES = YES;
				CLANG_ENABLE_OBJC_ARC = YES;
				CLANG_WARN_BOOL_CONVERSION = YES;
				CLANG_WARN_CONSTANT_CONVERSION = YES;
				CLANG_WARN_DIRECT_OBJC_ISA_USAGE = YES_ERROR;
				CLANG_WARN_DOCUMENTATION_COMMENTS = YES;
				CLANG_WARN_EMPTY_BODY = YES;
				CLANG_WARN_ENUM_CONVERSION = YES;
				CLANG_WARN_INFINITE_RECURSION = YES;
				CLANG_WARN_INT_CONVERSION = YES;
				CLANG_WARN_OBJC_ROOT_CLASS = YES_ERROR;
				CLANG_WARN_SUSPICIOUS_MOVE = YES;
				CLANG_WARN_UNREACHABLE_CODE = YES;
				CLANG_WARN__DUPLICATE_METHOD_MATCH = YES;
				"CODE_SIGN_IDENTITY[sdk=iphoneos*]" = "iPhone Developer";
				COPY_PHASE_STRIP = NO;
				DEBUG_INFORMATION_FORMAT = "dwarf-with-dsym";
				ENABLE_NS_ASSERTIONS = NO;
				ENABLE_STRICT_OBJC_MSGSEND = YES;
				GCC_C_LANGUAGE_STANDARD = gnu99;
				GCC_NO_COMMON_BLOCKS = YES;
				GCC_WARN_64_TO_32_BIT_CONVERSION = YES;
				GCC_WARN_ABOUT_RETURN_TYPE = YES_ERROR;
				GCC_WARN_UNDECLARED_SELECTOR = YES;
				GCC_WARN_UNINITIALIZED_AUTOS = YES_AGGRESSIVE;
				GCC_WARN_UNUSED_FUNCTION = YES;
				GCC_WARN_UNUSED_VARIABLE = YES;
				IPHONEOS_DEPLOYMENT_TARGET = 10.3;
				MTL_ENABLE_DEBUG_INFO = NO;
				SDKROOT = iphoneos;
				SWIFT_OPTIMIZATION_LEVEL = "-Owholemodule";
				VALIDATE_PRODUCT = YES;
			};
			name = Release;
		};
		9A7F685E1ED944CA000B0798 /* Debug */ = {
			isa = XCBuildConfiguration;
			buildSettings = {
				ASSETCATALOG_COMPILER_APPICON_NAME = AppIcon;
				DEVELOPMENT_TEAM = RH75B2UCHQ;
				INFOPLIST_FILE = swift_study/Info.plist;
				LD_RUNPATH_SEARCH_PATHS = "$(inherited) @executable_path/Frameworks";
				PRODUCT_BUNDLE_IDENTIFIER = "konojunya.swift-study";
				PRODUCT_NAME = "$(TARGET_NAME)";
				SWIFT_VERSION = 3.0;
			};
			name = Debug;
		};
		9A7F685F1ED944CA000B0798 /* Release */ = {
			isa = XCBuildConfiguration;
			buildSettings = {
				ASSETCATALOG_COMPILER_APPICON_NAME = AppIcon;
				DEVELOPMENT_TEAM = RH75B2UCHQ;
				INFOPLIST_FILE = swift_study/Info.plist;
				LD_RUNPATH_SEARCH_PATHS = "$(inherited) @executable_path/Frameworks";
				PRODUCT_BUNDLE_IDENTIFIER = "konojunya.swift-study";
				PRODUCT_NAME = "$(TARGET_NAME)";
				SWIFT_VERSION = 3.0;
			};
			name = Release;
		};
/* End XCBuildConfiguration section */

/* Begin XCConfigurationList section */
		9A7F68461ED944CA000B0798 /* Build configuration list for PBXProject "swift_study" */ = {
			isa = XCConfigurationList;
			buildConfigurations = (
				9A7F685B1ED944CA000B0798 /* Debug */,
				9A7F685C1ED944CA000B0798 /* Release */,
			);
			defaultConfigurationIsVisible = 0;
			defaultConfigurationName = Release;
		};
		9A7F685D1ED944CA000B0798 /* Build configuration list for PBXNativeTarget "swift_study" */ = {
			isa = XCConfigurationList;
			buildConfigurations = (
				9A7F685E1ED944CA000B0798 /* Debug */,
				9A7F685F1ED944CA000B0798 /* Release */,
			);
			defaultConfigurationIsVisible = 0;
		};
/* End XCConfigurationList section */
	};
	rootObject = 9A7F68431ED944CA000B0798 /* Project object */;
}
